{
  "requires": true,
  "lockfileVersion": 1,
  "dependencies": {
    "cocoen": {
      "version": "2.0.5",
      "resolved": "https://registry.npmjs.org/cocoen/-/cocoen-2.0.5.tgz",
      "integrity": "sha512-uY8FGId3Lq5PoBh24Hp5pq6Gg3Po4eot/5sIzFpM1/Tnkq1D8lKYj+LMlmr9SeEKHeYEpkT046XK4Au3YcOOqw=="
    }
  }
}
